
Microsoft Visual Studio Solution File, Format Version 12.00
# Visual Studio 15
Project("{FAE04EC0-301F-11D3-BF4B-00C04F79EFBC}") = "DuckAttack", "DuckAttack\DuckAttack.csproj", "{FA1D6BCA-42AE-42E4-922C-C5DA92198156}"
EndProject
Project("{FAE04EC0-301F-11D3-BF4B-00C04F79EFBC}") = "ExoGameEngine", "ExoGameEngine\ExoGameEngine.csproj", "{F8966350-1EF9-49A3-9691-16585DF0A8EC}"
EndProject
Project("{2150E333-8FDC-42A3-9474-1A3956D46DE8}") = "Game Examples", "Game Examples", "{5ED99330-E18E-41E2-B129-8FAF417AB73C}"
EndProject
Project("{2150E333-8FDC-42A3-9474-1A3956D46DE8}") = "Tutorials", "Tutorials", "{8157A4C0-723A-4E0C-94E0-889C96489A9D}"
EndProject
Project("{FAE04EC0-301F-11D3-BF4B-00C04F79EFBC}") = "Tutorial-1-Blank Screen", "Tutorials\Tutorial-1-Blank Screen\Tutorial-1-Blank Screen.csproj", "{81A2B46F-6E3D-465E-97D4-F2DD13B6A735}"
EndProject
Project("{2150E333-8FDC-42A3-9474-1A3956D46DE8}") = "Engine", "Engine", "{AD751EA2-4806-4D21-BDE5-25B9468C05D0}"
EndProject
Project("{FAE04EC0-301F-11D3-BF4B-00C04F79EFBC}") = "Tutorial-2-Draw Sprite", "Tutorials\Tutorial-2-Draw Sprite\Tutorial-2-Draw Sprite.csproj", "{240DD2DF-B897-436E-B84F-0BB69299DF49}"
EndProject
Project("{FAE04EC0-301F-11D3-BF4B-00C04F79EFBC}") = "Tutorial-3-Moving Sprites", "Tutorials\Tutorial-3-Moving Sprites\Tutorial-3-Moving Sprites.csproj", "{5D0E923B-5FB8-4707-9BBB-CA04C9935D43}"
EndProject
Global
	GlobalSection(SolutionConfigurationPlatforms) = preSolution
		Debug|Any CPU = Debug|Any CPU
		Release|Any CPU = Release|Any CPU
	EndGlobalSection
	GlobalSection(ProjectConfigurationPlatforms) = postSolution
		{FA1D6BCA-42AE-42E4-922C-C5DA92198156}.Debug|Any CPU.ActiveCfg = Debug|Any CPU
		{FA1D6BCA-42AE-42E4-922C-C5DA92198156}.Debug|Any CPU.Build.0 = Debug|Any CPU
		{FA1D6BCA-42AE-42E4-922C-C5DA92198156}.Release|Any CPU.ActiveCfg = Release|Any CPU
		{FA1D6BCA-42AE-42E4-922C-C5DA92198156}.Release|Any CPU.Build.0 = Release|Any CPU
		{F8966350-1EF9-49A3-9691-16585DF0A8EC}.Debug|Any CPU.ActiveCfg = Debug|Any CPU
		{F8966350-1EF9-49A3-9691-16585DF0A8EC}.Debug|Any CPU.Build.0 = Debug|Any CPU
		{F8966350-1EF9-49A3-9691-16585DF0A8EC}.Release|Any CPU.ActiveCfg = Release|Any CPU
		{F8966350-1EF9-49A3-9691-16585DF0A8EC}.Release|Any CPU.Build.0 = Release|Any CPU
		{81A2B46F-6E3D-465E-97D4-F2DD13B6A735}.Debug|Any CPU.ActiveCfg = Debug|Any CPU
		{81A2B46F-6E3D-465E-97D4-F2DD13B6A735}.Debug|Any CPU.Build.0 = Debug|Any CPU
		{81A2B46F-6E3D-465E-97D4-F2DD13B6A735}.Release|Any CPU.ActiveCfg = Release|Any CPU
		{81A2B46F-6E3D-465E-97D4-F2DD13B6A735}.Release|Any CPU.Build.0 = Release|Any CPU
		{240DD2DF-B897-436E-B84F-0BB69299DF49}.Debug|Any CPU.ActiveCfg = Debug|Any CPU
		{240DD2DF-B897-436E-B84F-0BB69299DF49}.Debug|Any CPU.Build.0 = Debug|Any CPU
		{240DD2DF-B897-436E-B84F-0BB69299DF49}.Release|Any CPU.ActiveCfg = Release|Any CPU
		{240DD2DF-B897-436E-B84F-0BB69299DF49}.Release|Any CPU.Build.0 = Release|Any CPU
		{5D0E923B-5FB8-4707-9BBB-CA04C9935D43}.Debug|Any CPU.ActiveCfg = Debug|Any CPU
		{5D0E923B-5FB8-4707-9BBB-CA04C9935D43}.Debug|Any CPU.Build.0 = Debug|Any CPU
		{5D0E923B-5FB8-4707-9BBB-CA04C9935D43}.Release|Any CPU.ActiveCfg = Release|Any CPU
		{5D0E923B-5FB8-4707-9BBB-CA04C9935D43}.Release|Any CPU.Build.0 = Release|Any CPU
	EndGlobalSection
	GlobalSection(NestedProjects) = preSolution
		{FA1D6BCA-42AE-42E4-922C-C5DA92198156} = {5ED99330-E18E-41E2-B129-8FAF417AB73C}
		{81A2B46F-6E3D-465E-97D4-F2DD13B6A735} = {8157A4C0-723A-4E0C-94E0-889C96489A9D}
		{F8966350-1EF9-49A3-9691-16585DF0A8EC} = {AD751EA2-4806-4D21-BDE5-25B9468C05D0}
		{240DD2DF-B897-436E-B84F-0BB69299DF49} = {8157A4C0-723A-4E0C-94E0-889C96489A9D}
		{5D0E923B-5FB8-4707-9BBB-CA04C9935D43} = {8157A4C0-723A-4E0C-94E0-889C96489A9D}
	EndGlobalSection
EndGlobal
